
Microsoft Visual Studio Solution File, Format Version 12.00
# Visual Studio Version 16
VisualStudioVersion = 16.0.32002.261
MinimumVisualStudioVersion = 10.0.40219.1
Project("{FAE04EC0-301F-11D3-BF4B-00C04F79EFBC}") = "NUnit3NetCoreFramework", "NUnit3NetCoreFramework.csproj", "{0485C934-014E-4254-A2C4-057441E334D5}"
EndProject
Global
	GlobalSection(SolutionConfigurationPlatforms) = preSolution
		Debug|Any CPU = Debug|Any CPU
		Release|Any CPU = Release|Any CPU
	EndGlobalSection
	GlobalSection(ProjectConfigurationPlatforms) = postSolution
		{0485C934-014E-4254-A2C4-057441E334D5}.Debug|Any CPU.ActiveCfg = Debug|Any CPU
		{0485C934-014E-4254-A2C4-057441E334D5}.Debug|Any CPU.Build.0 = Debug|Any CPU
		{0485C934-014E-4254-A2C4-057441E334D5}.Release|Any CPU.ActiveCfg = Release|Any CPU
		{0485C934-014E-4254-A2C4-057441E334D5}.Release|Any CPU.Build.0 = Release|Any CPU
	EndGlobalSection
	GlobalSection(SolutionProperties) = preSolution
		HideSolutionNode = FALSE
	EndGlobalSection
	GlobalSection(ExtensibilityGlobals) = postSolution
		SolutionGuid = {09E50E6A-02F6-4537-BFA5-181C23BDAFF6}
	EndGlobalSection
EndGlobal
